
Microsoft Visual Studio Solution File, Format Version 12.00
# Visual Studio Version 16
VisualStudioVersion = 16.0.29519.87
MinimumVisualStudioVersion = 10.0.40219.1
Project("{FAE04EC0-301F-11D3-BF4B-00C04F79EFBC}") = "NG_DD0000", "NG_DD0000\NG_DD0000.csproj", "{0132FAA9-808E-4185-9638-4F626148FD2B}"
EndProject
Global
	GlobalSection(SolutionConfigurationPlatforms) = preSolution
		Debug|Any CPU = Debug|Any CPU
		Release|Any CPU = Release|Any CPU
	EndGlobalSection
	GlobalSection(ProjectConfigurationPlatforms) = postSolution
		{0132FAA9-808E-4185-9638-4F626148FD2B}.Debug|Any CPU.ActiveCfg = Debug|Any CPU
		{0132FAA9-808E-4185-9638-4F626148FD2B}.Debug|Any CPU.Build.0 = Debug|Any CPU
		{0132FAA9-808E-4185-9638-4F626148FD2B}.Release|Any CPU.ActiveCfg = Release|Any CPU
		{0132FAA9-808E-4185-9638-4F626148FD2B}.Release|Any CPU.Build.0 = Release|Any CPU
	EndGlobalSection
	GlobalSection(SolutionProperties) = preSolution
		HideSolutionNode = FALSE
	EndGlobalSection
	GlobalSection(ExtensibilityGlobals) = postSolution
		SolutionGuid = {A425D46D-DA27-4556-BACC-71F18BB5F5E2}
	EndGlobalSection
EndGlobal
